
Microsoft Visual Studio Solution File, Format Version 12.00
# Visual Studio 15
VisualStudioVersion = 15.0.27703.2000
MinimumVisualStudioVersion = 10.0.40219.1
Project("{9A19103F-16F7-4668-BE54-9A1E7A4F7556}") = "QLGVT", "QLGVT\QLGVT.csproj", "{1DCA2EF4-CA26-4076-8BED-3EBE2A772C66}"
EndProject
Project("{2150E333-8FDC-42A3-9474-1A3956D46DE8}") = "1 - Presentation", "1 - Presentation", "{6854E438-6823-47B4-A683-5AA9D75E05D6}"
EndProject
Project("{2150E333-8FDC-42A3-9474-1A3956D46DE8}") = "2 - Application", "2 - Application", "{6A68974E-8563-48F7-9F48-216920A8007C}"
EndProject
Project("{2150E333-8FDC-42A3-9474-1A3956D46DE8}") = "3 - Domain", "3 - Domain", "{0BCFF0FA-D147-469C-8DB0-9BE9842DE38B}"
EndProject
Project("{2150E333-8FDC-42A3-9474-1A3956D46DE8}") = "4 - Infrastructure", "4 - Infrastructure", "{F58CED28-F8CC-4AFD-9C9C-63FF74699A93}"
EndProject
Project("{FAE04EC0-301F-11D3-BF4B-00C04F79EFBC}") = "QLGVT.Application", "QLGVT.Application\QLGVT.Application.csproj", "{65C14D7A-53B5-440A-B2D4-0DE9CCBA0A60}"
EndProject
Project("{FAE04EC0-301F-11D3-BF4B-00C04F79EFBC}") = "QLGVT.Data", "QLGVT.Data\QLGVT.Data.csproj", "{29E2C360-4B9E-4C62-B810-A9EC47293325}"
EndProject
Project("{FAE04EC0-301F-11D3-BF4B-00C04F79EFBC}") = "QLGVT.Data.EF", "QLGVT.Data.EF\QLGVT.Data.EF.csproj", "{6CFDE4B3-569D-4979-8293-9634B79DFA16}"
EndProject
Project("{FAE04EC0-301F-11D3-BF4B-00C04F79EFBC}") = "QLGVT.Infrastructure", "QLGVT.Infrastructure\QLGVT.Infrastructure.csproj", "{94EC83B3-D2CA-4C3F-A3E6-A1C7E543E0A9}"
EndProject
Project("{FAE04EC0-301F-11D3-BF4B-00C04F79EFBC}") = "QLGVT.Utilities", "QLGVT.Utilities\QLGVT.Utilities.csproj", "{8E6CD76E-C92C-43B9-99AE-906ACFD1BC3F}"
EndProject
Global
	GlobalSection(SolutionConfigurationPlatforms) = preSolution
		Debug|Any CPU = Debug|Any CPU
		Release|Any CPU = Release|Any CPU
	EndGlobalSection
	GlobalSection(ProjectConfigurationPlatforms) = postSolution
		{1DCA2EF4-CA26-4076-8BED-3EBE2A772C66}.Debug|Any CPU.ActiveCfg = Debug|Any CPU
		{1DCA2EF4-CA26-4076-8BED-3EBE2A772C66}.Debug|Any CPU.Build.0 = Debug|Any CPU
		{1DCA2EF4-CA26-4076-8BED-3EBE2A772C66}.Release|Any CPU.ActiveCfg = Release|Any CPU
		{1DCA2EF4-CA26-4076-8BED-3EBE2A772C66}.Release|Any CPU.Build.0 = Release|Any CPU
		{65C14D7A-53B5-440A-B2D4-0DE9CCBA0A60}.Debug|Any CPU.ActiveCfg = Debug|Any CPU
		{65C14D7A-53B5-440A-B2D4-0DE9CCBA0A60}.Debug|Any CPU.Build.0 = Debug|Any CPU
		{65C14D7A-53B5-440A-B2D4-0DE9CCBA0A60}.Release|Any CPU.ActiveCfg = Release|Any CPU
		{65C14D7A-53B5-440A-B2D4-0DE9CCBA0A60}.Release|Any CPU.Build.0 = Release|Any CPU
		{29E2C360-4B9E-4C62-B810-A9EC47293325}.Debug|Any CPU.ActiveCfg = Debug|Any CPU
		{29E2C360-4B9E-4C62-B810-A9EC47293325}.Debug|Any CPU.Build.0 = Debug|Any CPU
		{29E2C360-4B9E-4C62-B810-A9EC47293325}.Release|Any CPU.ActiveCfg = Release|Any CPU
		{29E2C360-4B9E-4C62-B810-A9EC47293325}.Release|Any CPU.Build.0 = Release|Any CPU
		{6CFDE4B3-569D-4979-8293-9634B79DFA16}.Debug|Any CPU.ActiveCfg = Debug|Any CPU
		{6CFDE4B3-569D-4979-8293-9634B79DFA16}.Debug|Any CPU.Build.0 = Debug|Any CPU
		{6CFDE4B3-569D-4979-8293-9634B79DFA16}.Release|Any CPU.ActiveCfg = Release|Any CPU
		{6CFDE4B3-569D-4979-8293-9634B79DFA16}.Release|Any CPU.Build.0 = Release|Any CPU
		{94EC83B3-D2CA-4C3F-A3E6-A1C7E543E0A9}.Debug|Any CPU.ActiveCfg = Debug|Any CPU
		{94EC83B3-D2CA-4C3F-A3E6-A1C7E543E0A9}.Debug|Any CPU.Build.0 = Debug|Any CPU
		{94EC83B3-D2CA-4C3F-A3E6-A1C7E543E0A9}.Release|Any CPU.ActiveCfg = Release|Any CPU
		{94EC83B3-D2CA-4C3F-A3E6-A1C7E543E0A9}.Release|Any CPU.Build.0 = Release|Any CPU
		{8E6CD76E-C92C-43B9-99AE-906ACFD1BC3F}.Debug|Any CPU.ActiveCfg = Debug|Any CPU
		{8E6CD76E-C92C-43B9-99AE-906ACFD1BC3F}.Debug|Any CPU.Build.0 = Debug|Any CPU
		{8E6CD76E-C92C-43B9-99AE-906ACFD1BC3F}.Release|Any CPU.ActiveCfg = Release|Any CPU
		{8E6CD76E-C92C-43B9-99AE-906ACFD1BC3F}.Release|Any CPU.Build.0 = Release|Any CPU
	EndGlobalSection
	GlobalSection(SolutionProperties) = preSolution
		HideSolutionNode = FALSE
	EndGlobalSection
	GlobalSection(NestedProjects) = preSolution
		{1DCA2EF4-CA26-4076-8BED-3EBE2A772C66} = {6854E438-6823-47B4-A683-5AA9D75E05D6}
		{65C14D7A-53B5-440A-B2D4-0DE9CCBA0A60} = {6A68974E-8563-48F7-9F48-216920A8007C}
		{29E2C360-4B9E-4C62-B810-A9EC47293325} = {0BCFF0FA-D147-469C-8DB0-9BE9842DE38B}
		{6CFDE4B3-569D-4979-8293-9634B79DFA16} = {0BCFF0FA-D147-469C-8DB0-9BE9842DE38B}
		{94EC83B3-D2CA-4C3F-A3E6-A1C7E543E0A9} = {F58CED28-F8CC-4AFD-9C9C-63FF74699A93}
		{8E6CD76E-C92C-43B9-99AE-906ACFD1BC3F} = {F58CED28-F8CC-4AFD-9C9C-63FF74699A93}
	EndGlobalSection
	GlobalSection(ExtensibilityGlobals) = postSolution
		SolutionGuid = {9DE18711-C40E-4C6C-AEEB-9318E0BAFA9D}
	EndGlobalSection
EndGlobal
